
Microsoft Visual Studio Solution File, Format Version 12.00
# Visual Studio 2017
Project("{FAE04EC0-301F-11D3-BF4B-00C04F79EFBC}") = "ProjectDesert", "ProjectDesert.csproj", "{9A120DE7-AA03-8CA6-2F41-11DE5259A38F}"
EndProject
Global
	GlobalSection(SolutionConfigurationPlatforms) = preSolution
		Debug|Any CPU = Debug|Any CPU
		Release|Any CPU = Release|Any CPU
	EndGlobalSection
	GlobalSection(ProjectConfigurationPlatforms) = postSolution
		{9A120DE7-AA03-8CA6-2F41-11DE5259A38F}.Debug|Any CPU.ActiveCfg = Debug|Any CPU
		{9A120DE7-AA03-8CA6-2F41-11DE5259A38F}.Debug|Any CPU.Build.0 = Debug|Any CPU
		{9A120DE7-AA03-8CA6-2F41-11DE5259A38F}.Release|Any CPU.ActiveCfg = Release|Any CPU
		{9A120DE7-AA03-8CA6-2F41-11DE5259A38F}.Release|Any CPU.Build.0 = Release|Any CPU
	EndGlobalSection
	GlobalSection(SolutionProperties) = preSolution
		HideSolutionNode = FALSE
	EndGlobalSection
EndGlobal
